
Microsoft Visual Studio Solution File, Format Version 12.00
# Visual Studio Version 16
VisualStudioVersion = 16.0.810.23
MinimumVisualStudioVersion = 10.0.40219.1
Project("{FAE04EC0-301F-11D3-BF4B-00C04F79EFBC}") = "Binding.Io.CoilKt.CoilCompose", "Binding.Io.CoilKt.CoilCompose\Binding.Io.CoilKt.CoilCompose.csproj", "{D93ABD5D-F3E9-4D7A-A0CB-16156A9FA06D}"
EndProject
Global
	GlobalSection(SolutionConfigurationPlatforms) = preSolution
		Debug|Any CPU = Debug|Any CPU
		Release|Any CPU = Release|Any CPU
	EndGlobalSection
	GlobalSection(ProjectConfigurationPlatforms) = postSolution
		{D93ABD5D-F3E9-4D7A-A0CB-16156A9FA06D}.Debug|Any CPU.ActiveCfg = Debug|Any CPU
		{D93ABD5D-F3E9-4D7A-A0CB-16156A9FA06D}.Debug|Any CPU.Build.0 = Debug|Any CPU
		{D93ABD5D-F3E9-4D7A-A0CB-16156A9FA06D}.Release|Any CPU.ActiveCfg = Release|Any CPU
		{D93ABD5D-F3E9-4D7A-A0CB-16156A9FA06D}.Release|Any CPU.Build.0 = Release|Any CPU
	EndGlobalSection
	GlobalSection(SolutionProperties) = preSolution
		HideSolutionNode = FALSE
	EndGlobalSection
	GlobalSection(ExtensibilityGlobals) = postSolution
		SolutionGuid = {E000B342-B339-417A-BF53-29C4FADEEF0D}
	EndGlobalSection
EndGlobal
